
Microsoft Visual Studio Solution File, Format Version 12.00
# Visual Studio Version 17
VisualStudioVersion = 17.7.34024.191
MinimumVisualStudioVersion = 10.0.40219.1
Project("{FAE04EC0-301F-11D3-BF4B-00C04F79EFBC}") = "Week5LogicalOperators", "Week5LogicalOperators\Week5LogicalOperators.csproj", "{BA0B8A3F-89CD-44C9-8495-B3A46560801B}"
EndProject
Project("{FAE04EC0-301F-11D3-BF4B-00C04F79EFBC}") = "ANDOperator", "ANDOperator\ANDOperator.csproj", "{42DE5450-4472-43B7-A83E-4AF71ED0A245}"
EndProject
Project("{FAE04EC0-301F-11D3-BF4B-00C04F79EFBC}") = "OROperator", "OROperator\OROperator.csproj", "{89F9845A-171E-47F5-8909-0D0599C45202}"
EndProject
Project("{FAE04EC0-301F-11D3-BF4B-00C04F79EFBC}") = "ANDRanges", "ANDRanges\ANDRanges.csproj", "{83BB75D1-1DE0-4CDF-A793-5B840105A06D}"
EndProject
Global
	GlobalSection(SolutionConfigurationPlatforms) = preSolution
		Debug|Any CPU = Debug|Any CPU
		Release|Any CPU = Release|Any CPU
	EndGlobalSection
	GlobalSection(ProjectConfigurationPlatforms) = postSolution
		{BA0B8A3F-89CD-44C9-8495-B3A46560801B}.Debug|Any CPU.ActiveCfg = Debug|Any CPU
		{BA0B8A3F-89CD-44C9-8495-B3A46560801B}.Debug|Any CPU.Build.0 = Debug|Any CPU
		{BA0B8A3F-89CD-44C9-8495-B3A46560801B}.Release|Any CPU.ActiveCfg = Release|Any CPU
		{BA0B8A3F-89CD-44C9-8495-B3A46560801B}.Release|Any CPU.Build.0 = Release|Any CPU
		{42DE5450-4472-43B7-A83E-4AF71ED0A245}.Debug|Any CPU.ActiveCfg = Debug|Any CPU
		{42DE5450-4472-43B7-A83E-4AF71ED0A245}.Debug|Any CPU.Build.0 = Debug|Any CPU
		{42DE5450-4472-43B7-A83E-4AF71ED0A245}.Release|Any CPU.ActiveCfg = Release|Any CPU
		{42DE5450-4472-43B7-A83E-4AF71ED0A245}.Release|Any CPU.Build.0 = Release|Any CPU
		{89F9845A-171E-47F5-8909-0D0599C45202}.Debug|Any CPU.ActiveCfg = Debug|Any CPU
		{89F9845A-171E-47F5-8909-0D0599C45202}.Debug|Any CPU.Build.0 = Debug|Any CPU
		{89F9845A-171E-47F5-8909-0D0599C45202}.Release|Any CPU.ActiveCfg = Release|Any CPU
		{89F9845A-171E-47F5-8909-0D0599C45202}.Release|Any CPU.Build.0 = Release|Any CPU
		{83BB75D1-1DE0-4CDF-A793-5B840105A06D}.Debug|Any CPU.ActiveCfg = Debug|Any CPU
		{83BB75D1-1DE0-4CDF-A793-5B840105A06D}.Debug|Any CPU.Build.0 = Debug|Any CPU
		{83BB75D1-1DE0-4CDF-A793-5B840105A06D}.Release|Any CPU.ActiveCfg = Release|Any CPU
		{83BB75D1-1DE0-4CDF-A793-5B840105A06D}.Release|Any CPU.Build.0 = Release|Any CPU
	EndGlobalSection
	GlobalSection(SolutionProperties) = preSolution
		HideSolutionNode = FALSE
	EndGlobalSection
	GlobalSection(ExtensibilityGlobals) = postSolution
		SolutionGuid = {F1EBE7D7-87FB-4ABA-9CC3-451457BE8F23}
	EndGlobalSection
EndGlobal
